
Microsoft Visual Studio Solution File, Format Version 12.00
# Visual Studio Version 17
VisualStudioVersion = 17.10.35122.118
MinimumVisualStudioVersion = 10.0.40219.1
Project("{FAE04EC0-301F-11D3-BF4B-00C04F79EFBC}") = "Practice4(1)", "Practice4(1).csproj", "{697ECA2E-A8BC-4D98-888C-12C1134580B4}"
EndProject
Global
	GlobalSection(SolutionConfigurationPlatforms) = preSolution
		Debug|Any CPU = Debug|Any CPU
		Release|Any CPU = Release|Any CPU
	EndGlobalSection
	GlobalSection(ProjectConfigurationPlatforms) = postSolution
		{697ECA2E-A8BC-4D98-888C-12C1134580B4}.Debug|Any CPU.ActiveCfg = Debug|Any CPU
		{697ECA2E-A8BC-4D98-888C-12C1134580B4}.Debug|Any CPU.Build.0 = Debug|Any CPU
		{697ECA2E-A8BC-4D98-888C-12C1134580B4}.Release|Any CPU.ActiveCfg = Release|Any CPU
		{697ECA2E-A8BC-4D98-888C-12C1134580B4}.Release|Any CPU.Build.0 = Release|Any CPU
	EndGlobalSection
	GlobalSection(SolutionProperties) = preSolution
		HideSolutionNode = FALSE
	EndGlobalSection
	GlobalSection(ExtensibilityGlobals) = postSolution
		SolutionGuid = {D6F0A044-EE98-4813-994E-20A6E5CFBBF3}
	EndGlobalSection
EndGlobal
